
Microsoft Visual Studio Solution File, Format Version 12.00
# Visual Studio Version 17
VisualStudioVersion = 17.3.32825.248
MinimumVisualStudioVersion = 10.0.40219.1
Project("{FAE04EC0-301F-11D3-BF4B-00C04F79EFBC}") = "Kutyak", "Kutyak\Kutyak.csproj", "{E06E231D-922A-46C2-941D-A29390C32224}"
EndProject
Global
	GlobalSection(SolutionConfigurationPlatforms) = preSolution
		Debug|Any CPU = Debug|Any CPU
		Release|Any CPU = Release|Any CPU
	EndGlobalSection
	GlobalSection(ProjectConfigurationPlatforms) = postSolution
		{E06E231D-922A-46C2-941D-A29390C32224}.Debug|Any CPU.ActiveCfg = Debug|Any CPU
		{E06E231D-922A-46C2-941D-A29390C32224}.Debug|Any CPU.Build.0 = Debug|Any CPU
		{E06E231D-922A-46C2-941D-A29390C32224}.Release|Any CPU.ActiveCfg = Release|Any CPU
		{E06E231D-922A-46C2-941D-A29390C32224}.Release|Any CPU.Build.0 = Release|Any CPU
	EndGlobalSection
	GlobalSection(SolutionProperties) = preSolution
		HideSolutionNode = FALSE
	EndGlobalSection
	GlobalSection(ExtensibilityGlobals) = postSolution
		SolutionGuid = {A74544F2-92D8-495E-9A9F-317358253E70}
	EndGlobalSection
EndGlobal
